// !$*UTF8*$!
{
	archiveVersion = 1;
	classes = {
	};
	objectVersion = 50;
	objects = {

/* Begin PBXBuildFile section */
		7D46B5732935D381009724FD /* Tests_iOS.swift in Sources */ = {isa = PBXBuildFile; fileRef = 7D46B5722935D381009724FD /* Tests_iOS.swift */; };
		7D46B57E2935D381009724FD /* Tests_macOS.swift in Sources */ = {isa = PBXBuildFile; fileRef = 7D46B57D2935D381009724FD /* Tests_macOS.swift */; };
		7D46B5802935D381009724FD /* HaikuApp.swift in Sources */ = {isa = PBXBuildFile; fileRef = 7D46B5572935D37A009724FD /* HaikuApp.swift */; };
		7D46B5822935D381009724FD /* ContentView.swift in Sources */ = {isa = PBXBuildFile; fileRef = 7D46B5582935D37A009724FD /* ContentView.swift */; };
		7D46B5842935D381009724FD /* Assets.xcassets in Resources */ = {isa = PBXBuildFile; fileRef = 7D46B5592935D381009724FD /* Assets.xcassets */; };
		7D46B5852935D381009724FD /* Assets.xcassets in Resources */ = {isa = PBXBuildFile; fileRef = 7D46B5592935D381009724FD /* Assets.xcassets */; };
		7D513364293698EF004C0300 /* ContentView.swift in Sources */ = {isa = PBXBuildFile; fileRef = 7D46B5582935D37A009724FD /* ContentView.swift */; };
		7D51336529369932004C0300 /* HaikuApp.swift in Sources */ = {isa = PBXBuildFile; fileRef = 7D46B5572935D37A009724FD /* HaikuApp.swift */; };
/* End PBXBuildFile section */

/* Begin PBXContainerItemProxy section */
		7D46B56F2935D381009724FD /* PBXContainerItemProxy */ = {
			isa = PBXContainerItemProxy;
			containerPortal = 7D46B5522935D37A009724FD /* Project object */;
			proxyType = 1;
			remoteGlobalIDString = 7D46B55D2935D381009724FD;
			remoteInfo = "Haiku (iOS)";
		};
		7D46B57A2935D381009724FD /* PBXContainerItemProxy */ = {
			isa = PBXContainerItemProxy;
			containerPortal = 7D46B5522935D37A009724FD /* Project object */;
			proxyType = 1;
			remoteGlobalIDString = 7D46B5652935D381009724FD;
			remoteInfo = "Haiku (macOS)";
		};
/* End PBXContainerItemProxy section */

/* Begin PBXFileReference section */
		7D46B5572935D37A009724FD /* HaikuApp.swift */ = {isa = PBXFileReference; lastKnownFileType = sourcecode.swift; path = HaikuApp.swift; sourceTree = "<group>"; };
		7D46B5582935D37A009724FD /* ContentView.swift */ = {isa = PBXFileReference; lastKnownFileType = sourcecode.swift; path = ContentView.swift; sourceTree = "<group>"; };
		7D46B5592935D381009724FD /* Assets.xcassets */ = {isa = PBXFileReference; lastKnownFileType = folder.assetcatalog; path = Assets.xcassets; sourceTree = "<group>"; };
		7D46B55E2935D381009724FD /* Haiku.app */ = {isa = PBXFileReference; explicitFileType = wrapper.application; includeInIndex = 0; path = Haiku.app; sourceTree = BUILT_PRODUCTS_DIR; };
		7D46B5612935D381009724FD /* Info.plist */ = {isa = PBXFileReference; lastKnownFileType = text.plist.xml; path = Info.plist; sourceTree = "<group>"; };
		7D46B5662935D381009724FD /* Haiku.app */ = {isa = PBXFileReference; explicitFileType = wrapper.application; includeInIndex = 0; path = Haiku.app; sourceTree = BUILT_PRODUCTS_DIR; };
		7D46B5682935D381009724FD /* Info.plist */ = {isa = PBXFileReference; lastKnownFileType = text.plist.xml; path = Info.plist; sourceTree = "<group>"; };
		7D46B5692935D381009724FD /* macOS.entitlements */ = {isa = PBXFileReference; lastKnownFileType = text.plist.entitlements; path = macOS.entitlements; sourceTree = "<group>"; };
		7D46B56E2935D381009724FD /* Tests iOS.xctest */ = {isa = PBXFileReference; explicitFileType = wrapper.cfbundle; includeInIndex = 0; path = "Tests iOS.xctest"; sourceTree = BUILT_PRODUCTS_DIR; };
		7D46B5722935D381009724FD /* Tests_iOS.swift */ = {isa = PBXFileReference; lastKnownFileType = sourcecode.swift; path = Tests_iOS.swift; sourceTree = "<group>"; };
		7D46B5742935D381009724FD /* Info.plist */ = {isa = PBXFileReference; lastKnownFileType = text.plist.xml; path = Info.plist; sourceTree = "<group>"; };
		7D46B5792935D381009724FD /* Tests macOS.xctest */ = {isa = PBXFileReference; explicitFileType = wrapper.cfbundle; includeInIndex = 0; path = "Tests macOS.xctest"; sourceTree = BUILT_PRODUCTS_DIR; };
		7D46B57D2935D381009724FD /* Tests_macOS.swift */ = {isa = PBXFileReference; lastKnownFileType = sourcecode.swift; path = Tests_macOS.swift; sourceTree = "<group>"; };
		7D46B57F2935D381009724FD /* Info.plist */ = {isa = PBXFileReference; lastKnownFileType = text.plist.xml; path = Info.plist; sourceTree = "<group>"; };
/* End PBXFileReference section */

/* Begin PBXFrameworksBuildPhase section */
		7D46B55B2935D381009724FD /* Frameworks */ = {
			isa = PBXFrameworksBuildPhase;
			buildActionMask = 2147483647;
			files = (
			);
			runOnlyForDeploymentPostprocessing = 0;
		};
		7D46B5632935D381009724FD /* Frameworks */ = {
			isa = PBXFrameworksBuildPhase;
			buildActionMask = 2147483647;
			files = (
			);
			runOnlyForDeploymentPostprocessing = 0;
		};
		7D46B56B2935D381009724FD /* Frameworks */ = {
			isa = PBXFrameworksBuildPhase;
			buildActionMask = 2147483647;
			files = (
			);
			runOnlyForDeploymentPostprocessing = 0;
		};
		7D46B5762935D381009724FD /* Frameworks */ = {
			isa = PBXFrameworksBuildPhase;
			buildActionMask = 2147483647;
			files = (
			);
			runOnlyForDeploymentPostprocessing = 0;
		};
/* End PBXFrameworksBuildPhase section */

/* Begin PBXGroup section */
		7D46B5512935D37A009724FD = {
			isa = PBXGroup;
			children = (
				7D46B5562935D37A009724FD /* Shared */,
				7D46B5602935D381009724FD /* iOS */,
				7D46B5672935D381009724FD /* macOS */,
				7D46B5712935D381009724FD /* Tests iOS */,
				7D46B57C2935D381009724FD /* Tests macOS */,
				7D46B55F2935D381009724FD /* Products */,
			);
			sourceTree = "<group>";
		};
		7D46B5562935D37A009724FD /* Shared */ = {
			isa = PBXGroup;
			children = (
				7D46B5572935D37A009724FD /* HaikuApp.swift */,
				7D46B5582935D37A009724FD /* ContentView.swift */,
				7D46B5592935D381009724FD /* Assets.xcassets */,
			);
			path = Shared;
			sourceTree = "<group>";
		};
		7D46B55F2935D381009724FD /* Products */ = {
			isa = PBXGroup;
			children = (
				7D46B55E2935D381009724FD /* Haiku.app */,
				7D46B5662935D381009724FD /* Haiku.app */,
				7D46B56E2935D381009724FD /* Tests iOS.xctest */,
				7D46B5792935D381009724FD /* Tests macOS.xctest */,
			);
			name = Products;
			sourceTree = "<group>";
		};
		7D46B5602935D381009724FD /* iOS */ = {
			isa = PBXGroup;
			children = (
				7D46B5612935D381009724FD /* Info.plist */,
			);
			path = iOS;
			sourceTree = "<group>";
		};
		7D46B5672935D381009724FD /* macOS */ = {
			isa = PBXGroup;
			children = (
				7D46B5682935D381009724FD /* Info.plist */,
				7D46B5692935D381009724FD /* macOS.entitlements */,
			);
			path = macOS;
			sourceTree = "<group>";
		};
		7D46B5712935D381009724FD /* Tests iOS */ = {
			isa = PBXGroup;
			children = (
				7D46B5722935D381009724FD /* Tests_iOS.swift */,
				7D46B5742935D381009724FD /* Info.plist */,
			);
			path = "Tests iOS";
			sourceTree = "<group>";
		};
		7D46B57C2935D381009724FD /* Tests macOS */ = {
			isa = PBXGroup;
			children = (
				7D46B57D2935D381009724FD /* Tests_macOS.swift */,
				7D46B57F2935D381009724FD /* Info.plist */,
			);
			path = "Tests macOS";
			sourceTree = "<group>";
		};
/* End PBXGroup section */

/* Begin PBXNativeTarget section */
		7D46B55D2935D381009724FD /* Haiku (iOS) */ = {
			isa = PBXNativeTarget;
			buildConfigurationList = 7D46B5882935D381009724FD /* Build configuration list for PBXNativeTarget "Haiku (iOS)" */;
			buildPhases = (
				7D46B55A2935D381009724FD /* Sources */,
				7D46B55B2935D381009724FD /* Frameworks */,
				7D46B55C2935D381009724FD /* Resources */,
			);
			buildRules = (
			);
			dependencies = (
			);
			name = "Haiku (iOS)";
			productName = "Haiku (iOS)";
			productReference = 7D46B55E2935D381009724FD /* Haiku.app */;
			productType = "com.apple.product-type.application";
		};
		7D46B5652935D381009724FD /* Haiku (macOS) */ = {
			isa = PBXNativeTarget;
			buildConfigurationList = 7D46B58B2935D381009724FD /* Build configuration list for PBXNativeTarget "Haiku (macOS)" */;
			buildPhases = (
				7D46B5622935D381009724FD /* Sources */,
				7D46B5632935D381009724FD /* Frameworks */,
				7D46B5642935D381009724FD /* Resources */,
			);
			buildRules = (
			);
			dependencies = (
			);
			name = "Haiku (macOS)";
			productName = "Haiku (macOS)";
			productReference = 7D46B5662935D381009724FD /* Haiku.app */;
			productType = "com.apple.product-type.application";
		};
		7D46B56D2935D381009724FD /* Tests iOS */ = {
			isa = PBXNativeTarget;
			buildConfigurationList = 7D46B58E2935D381009724FD /* Build configuration list for PBXNativeTarget "Tests iOS" */;
			buildPhases = (
				7D46B56A2935D381009724FD /* Sources */,
				7D46B56B2935D381009724FD /* Frameworks */,
				7D46B56C2935D381009724FD /* Resources */,
			);
			buildRules = (
			);
			dependencies = (
				7D46B5702935D381009724FD /* PBXTargetDependency */,
			);
			name = "Tests iOS";
			productName = "Tests iOS";
			productReference = 7D46B56E2935D381009724FD /* Tests iOS.xctest */;
			productType = "com.apple.product-type.bundle.ui-testing";
		};
		7D46B5782935D381009724FD /* Tests macOS */ = {
			isa = PBXNativeTarget;
			buildConfigurationList = 7D46B5912935D381009724FD /* Build configuration list for PBXNativeTarget "Tests macOS" */;
			buildPhases = (
				7D46B5752935D381009724FD /* Sources */,
				7D46B5762935D381009724FD /* Frameworks */,
				7D46B5772935D381009724FD /* Resources */,
			);
			buildRules = (
			);
			dependencies = (
				7D46B57B2935D381009724FD /* PBXTargetDependency */,
			);
			name = "Tests macOS";
			productName = "Tests macOS";
			productReference = 7D46B5792935D381009724FD /* Tests macOS.xctest */;
			productType = "com.apple.product-type.bundle.ui-testing";
		};
/* End PBXNativeTarget section */

/* Begin PBXProject section */
		7D46B5522935D37A009724FD /* Project object */ = {
			isa = PBXProject;
			attributes = {
				LastSwiftUpdateCheck = 1250;
				LastUpgradeCheck = 1250;
				TargetAttributes = {
					7D46B55D2935D381009724FD = {
						CreatedOnToolsVersion = 12.5;
					};
					7D46B5652935D381009724FD = {
						CreatedOnToolsVersion = 12.5;
					};
					7D46B56D2935D381009724FD = {
						CreatedOnToolsVersion = 12.5;
						TestTargetID = 7D46B55D2935D381009724FD;
					};
					7D46B5782935D381009724FD = {
						CreatedOnToolsVersion = 12.5;
						TestTargetID = 7D46B5652935D381009724FD;
					};
				};
			};
			buildConfigurationList = 7D46B5552935D37A009724FD /* Build configuration list for PBXProject "Haiku" */;
			compatibilityVersion = "Xcode 9.3";
			developmentRegion = en;
			hasScannedForEncodings = 0;
			knownRegions = (
				en,
				Base,
			);
			mainGroup = 7D46B5512935D37A009724FD;
			productRefGroup = 7D46B55F2935D381009724FD /* Products */;
			projectDirPath = "";
			projectRoot = "";
			targets = (
				7D46B55D2935D381009724FD /* Haiku (iOS) */,
				7D46B5652935D381009724FD /* Haiku (macOS) */,
				7D46B56D2935D381009724FD /* Tests iOS */,
				7D46B5782935D381009724FD /* Tests macOS */,
			);
		};
/* End PBXProject section */

/* Begin PBXResourcesBuildPhase section */
		7D46B55C2935D381009724FD /* Resources */ = {
			isa = PBXResourcesBuildPhase;
			buildActionMask = 2147483647;
			files = (
				7D46B5842935D381009724FD /* Assets.xcassets in Resources */,
			);
			runOnlyForDeploymentPostprocessing = 0;
		};
		7D46B5642935D381009724FD /* Resources */ = {
			isa = PBXResourcesBuildPhase;
			buildActionMask = 2147483647;
			files = (
				7D46B5852935D381009724FD /* Assets.xcassets in Resources */,
			);
			runOnlyForDeploymentPostprocessing = 0;
		};
		7D46B56C2935D381009724FD /* Resources */ = {
			isa = PBXResourcesBuildPhase;
			buildActionMask = 2147483647;
			files = (
			);
			runOnlyForDeploymentPostprocessing = 0;
		};
		7D46B5772935D381009724FD /* Resources */ = {
			isa = PBXResourcesBuildPhase;
			buildActionMask = 2147483647;
			files = (
			);
			runOnlyForDeploymentPostprocessing = 0;
		};
/* End PBXResourcesBuildPhase section */

/* Begin PBXSourcesBuildPhase section */
		7D46B55A2935D381009724FD /* Sources */ = {
			isa = PBXSourcesBuildPhase;
			buildActionMask = 2147483647;
			files = (
				7D46B5822935D381009724FD /* ContentView.swift in Sources */,
				7D46B5802935D381009724FD /* HaikuApp.swift in Sources */,
			);
			runOnlyForDeploymentPostprocessing = 0;
		};
		7D46B5622935D381009724FD /* Sources */ = {
			isa = PBXSourcesBuildPhase;
			buildActionMask = 2147483647;
			files = (
				7D51336529369932004C0300 /* HaikuApp.swift in Sources */,
				7D513364293698EF004C0300 /* ContentView.swift in Sources */,
			);
			runOnlyForDeploymentPostprocessing = 0;
		};
		7D46B56A2935D381009724FD /* Sources */ = {
			isa = PBXSourcesBuildPhase;
			buildActionMask = 2147483647;
			files = (
				7D46B5732935D381009724FD /* Tests_iOS.swift in Sources */,
			);
			runOnlyForDeploymentPostprocessing = 0;
		};
		7D46B5752935D381009724FD /* Sources */ = {
			isa = PBXSourcesBuildPhase;
			buildActionMask = 2147483647;
			files = (
				7D46B57E2935D381009724FD /* Tests_macOS.swift in Sources */,
			);
			runOnlyForDeploymentPostprocessing = 0;
		};
/* End PBXSourcesBuildPhase section */

/* Begin PBXTargetDependency section */
		7D46B5702935D381009724FD /* PBXTargetDependency */ = {
			isa = PBXTargetDependency;
			target = 7D46B55D2935D381009724FD /* Haiku (iOS) */;
			targetProxy = 7D46B56F2935D381009724FD /* PBXContainerItemProxy */;
		};
		7D46B57B2935D381009724FD /* PBXTargetDependency */ = {
			isa = PBXTargetDependency;
			target = 7D46B5652935D381009724FD /* Haiku (macOS) */;
			targetProxy = 7D46B57A2935D381009724FD /* PBXContainerItemProxy */;
		};
/* End PBXTargetDependency section */

/* Begin XCBuildConfiguration section */
		7D46B5862935D381009724FD /* Debug */ = {
			isa = XCBuildConfiguration;
			buildSettings = {
				ALWAYS_SEARCH_USER_PATHS = NO;
				CLANG_ANALYZER_NONNULL = YES;
				CLANG_ANALYZER_NUMBER_OBJECT_CONVERSION = YES_AGGRESSIVE;
				CLANG_CXX_LANGUAGE_STANDARD = "gnu++14";
				CLANG_CXX_LIBRARY = "libc++";
				CLANG_ENABLE_MODULES = YES;
				CLANG_ENABLE_OBJC_ARC = YES;
				CLANG_ENABLE_OBJC_WEAK = YES;
				CLANG_WARN_BLOCK_CAPTURE_AUTORELEASING = YES;
				CLANG_WARN_BOOL_CONVERSION = YES;
				CLANG_WARN_COMMA = YES;
				CLANG_WARN_CONSTANT_CONVERSION = YES;
				CLANG_WARN_DEPRECATED_OBJC_IMPLEMENTATIONS = YES;
				CLANG_WARN_DIRECT_OBJC_ISA_USAGE = YES_ERROR;
				CLANG_WARN_DOCUMENTATION_COMMENTS = YES;
				CLANG_WARN_EMPTY_BODY = YES;
				CLANG_WARN_ENUM_CONVERSION = YES;
				CLANG_WARN_INFINITE_RECURSION = YES;
				CLANG_WARN_INT_CONVERSION = YES;
				CLANG_WARN_NON_LITERAL_NULL_CONVERSION = YES;
				CLANG_WARN_OBJC_IMPLICIT_RETAIN_SELF = YES;
				CLANG_WARN_OBJC_LITERAL_CONVERSION = YES;
				CLANG_WARN_OBJC_ROOT_CLASS = YES_ERROR;
				CLANG_WARN_QUOTED_INCLUDE_IN_FRAMEWORK_HEADER = YES;
				CLANG_WARN_RANGE_LOOP_ANALYSIS = YES;
				CLANG_WARN_STRICT_PROTOTYPES = YES;
				CLANG_WARN_SUSPICIOUS_MOVE = YES;
				CLANG_WARN_UNGUARDED_AVAILABILITY = YES_AGGRESSIVE;
				CLANG_WARN_UNREACHABLE_CODE = YES;
				CLANG_WARN__DUPLICATE_METHOD_MATCH = YES;
				COPY_PHASE_STRIP = NO;
				DEBUG_INFORMATION_FORMAT = dwarf;
				ENABLE_STRICT_OBJC_MSGSEND = YES;
				ENABLE_TESTABILITY = YES;
				GCC_C_LANGUAGE_STANDARD = gnu11;
				GCC_DYNAMIC_NO_PIC = NO;
				GCC_NO_COMMON_BLOCKS = YES;
				GCC_OPTIMIZATION_LEVEL = 0;
				GCC_PREPROCESSOR_DEFINITIONS = (
					"DEBUG=1",
					"$(inherited)",
				);
				GCC_WARN_64_TO_32_BIT_CONVERSION = YES;
				GCC_WARN_ABOUT_RETURN_TYPE = YES_ERROR;
				GCC_WARN_UNDECLARED_SELECTOR = YES;
				GCC_WARN_UNINITIALIZED_AUTOS = YES_AGGRESSIVE;
				GCC_WARN_UNUSED_FUNCTION = YES;
				GCC_WARN_UNUSED_VARIABLE = YES;
				MTL_ENABLE_DEBUG_INFO = INCLUDE_SOURCE;
				MTL_FAST_MATH = YES;
				ONLY_ACTIVE_ARCH = YES;
				SWIFT_ACTIVE_COMPILATION_CONDITIONS = DEBUG;
				SWIFT_OPTIMIZATION_LEVEL = "-Onone";
			};
			name = Debug;
		};
		7D46B5872935D381009724FD /* Release */ = {
			isa = XCBuildConfiguration;
			buildSettings = {
				ALWAYS_SEARCH_USER_PATHS = NO;
				CLANG_ANALYZER_NONNULL = YES;
				CLANG_ANALYZER_NUMBER_OBJECT_CONVERSION = YES_AGGRESSIVE;
				CLANG_CXX_LANGUAGE_STANDARD = "gnu++14";
				CLANG_CXX_LIBRARY = "libc++";
				CLANG_ENABLE_MODULES = YES;
				CLANG_ENABLE_OBJC_ARC = YES;
				CLANG_ENABLE_OBJC_WEAK = YES;
				CLANG_WARN_BLOCK_CAPTURE_AUTORELEASING = YES;
				CLANG_WARN_BOOL_CONVERSION = YES;
				CLANG_WARN_COMMA = YES;
				CLANG_WARN_CONSTANT_CONVERSION = YES;
				CLANG_WARN_DEPRECATED_OBJC_IMPLEMENTATIONS = YES;
				CLANG_WARN_DIRECT_OBJC_ISA_USAGE = YES_ERROR;
				CLANG_WARN_DOCUMENTATION_COMMENTS = YES;
				CLANG_WARN_EMPTY_BODY = YES;
				CLANG_WARN_ENUM_CONVERSION = YES;
				CLANG_WARN_INFINITE_RECURSION = YES;
				CLANG_WARN_INT_CONVERSION = YES;
				CLANG_WARN_NON_LITERAL_NULL_CONVERSION = YES;
				CLANG_WARN_OBJC_IMPLICIT_RETAIN_SELF = YES;
				CLANG_WARN_OBJC_LITERAL_CONVERSION = YES;
				CLANG_WARN_OBJC_ROOT_CLASS = YES_ERROR;
				CLANG_WARN_QUOTED_INCLUDE_IN_FRAMEWORK_HEADER = YES;
				CLANG_WARN_RANGE_LOOP_ANALYSIS = YES;
				CLANG_WARN_STRICT_PROTOTYPES = YES;
				CLANG_WARN_SUSPICIOUS_MOVE = YES;
				CLANG_WARN_UNGUARDED_AVAILABILITY = YES_AGGRESSIVE;
				CLANG_WARN_UNREACHABLE_CODE = YES;
				CLANG_WARN__DUPLICATE_METHOD_MATCH = YES;
				COPY_PHASE_STRIP = NO;
				DEBUG_INFORMATION_FORMAT = "dwarf-with-dsym";
				ENABLE_NS_ASSERTIONS = NO;
				ENABLE_STRICT_OBJC_MSGSEND = YES;
				GCC_C_LANGUAGE_STANDARD = gnu11;
				GCC_NO_COMMON_BLOCKS = YES;
				GCC_WARN_64_TO_32_BIT_CONVERSION = YES;
				GCC_WARN_ABOUT_RETURN_TYPE = YES_ERROR;
				GCC_WARN_UNDECLARED_SELECTOR = YES;
				GCC_WARN_UNINITIALIZED_AUTOS = YES_AGGRESSIVE;
				GCC_WARN_UNUSED_FUNCTION = YES;
				GCC_WARN_UNUSED_VARIABLE = YES;
				MTL_ENABLE_DEBUG_INFO = NO;
				MTL_FAST_MATH = YES;
				SWIFT_COMPILATION_MODE = wholemodule;
				SWIFT_OPTIMIZATION_LEVEL = "-O";
			};
			name = Release;
		};
		7D46B5892935D381009724FD /* Debug */ = {
			isa = XCBuildConfiguration;
			buildSettings = {
				ASSETCATALOG_COMPILER_APPICON_NAME = AppIcon;
				ASSETCATALOG_COMPILER_GLOBAL_ACCENT_COLOR_NAME = AccentColor;
				CODE_SIGN_STYLE = Automatic;
				DEVELOPMENT_TEAM = 5T7NC52NKJ;
				ENABLE_PREVIEWS = YES;
				INFOPLIST_FILE = iOS/Info.plist;
				IPHONEOS_DEPLOYMENT_TARGET = 14.0;
				LD_RUNPATH_SEARCH_PATHS = (
					"$(inherited)",
					"@executable_path/Frameworks",
				);
				PRODUCT_BUNDLE_IDENTIFIER = hunter2e.Haiku;
				PRODUCT_NAME = Haiku;
				SDKROOT = iphoneos;
				SWIFT_VERSION = 5.0;
				TARGETED_DEVICE_FAMILY = "1,2";
			};
			name = Debug;
		};
		7D46B58A2935D381009724FD /* Release */ = {
			isa = XCBuildConfiguration;
			buildSettings = {
				ASSETCATALOG_COMPILER_APPICON_NAME = AppIcon;
				ASSETCATALOG_COMPILER_GLOBAL_ACCENT_COLOR_NAME = AccentColor;
				CODE_SIGN_STYLE = Automatic;
				DEVELOPMENT_TEAM = 5T7NC52NKJ;
				ENABLE_PREVIEWS = YES;
				INFOPLIST_FILE = iOS/Info.plist;
				IPHONEOS_DEPLOYMENT_TARGET = 14.0;
				LD_RUNPATH_SEARCH_PATHS = (
					"$(inherited)",
					"@executable_path/Frameworks",
				);
				PRODUCT_BUNDLE_IDENTIFIER = hunter2e.Haiku;
				PRODUCT_NAME = Haiku;
				SDKROOT = iphoneos;
				SWIFT_VERSION = 5.0;
				TARGETED_DEVICE_FAMILY = "1,2";
				VALIDATE_PRODUCT = YES;
			};
			name = Release;
		};
		7D46B58C2935D381009724FD /* Debug */ = {
			isa = XCBuildConfiguration;
			buildSettings = {
				ASSETCATALOG_COMPILER_APPICON_NAME = AppIcon;
				ASSETCATALOG_COMPILER_GLOBAL_ACCENT_COLOR_NAME = AccentColor;
				CODE_SIGN_ENTITLEMENTS = macOS/macOS.entitlements;
				CODE_SIGN_STYLE = Automatic;
				COMBINE_HIDPI_IMAGES = YES;
				DEVELOPMENT_TEAM = 5T7NC52NKJ;
				ENABLE_HARDENED_RUNTIME = YES;
				ENABLE_PREVIEWS = YES;
				INFOPLIST_FILE = macOS/Info.plist;
				LD_RUNPATH_SEARCH_PATHS = (
					"$(inherited)",
					"@executable_path/../Frameworks",
				);
				MACOSX_DEPLOYMENT_TARGET = 11.0;
				PRODUCT_BUNDLE_IDENTIFIER = hunter2e.Haiku;
				PRODUCT_NAME = Haiku;
				SDKROOT = macosx;
				SWIFT_VERSION = 5.0;
			};
			name = Debug;
		};
		7D46B58D2935D381009724FD /* Release */ = {
			isa = XCBuildConfiguration;
			buildSettings = {
				ASSETCATALOG_COMPILER_APPICON_NAME = AppIcon;
				ASSETCATALOG_COMPILER_GLOBAL_ACCENT_COLOR_NAME = AccentColor;
				CODE_SIGN_ENTITLEMENTS = macOS/macOS.entitlements;
				CODE_SIGN_STYLE = Automatic;
				COMBINE_HIDPI_IMAGES = YES;
				DEVELOPMENT_TEAM = 5T7NC52NKJ;
				ENABLE_HARDENED_RUNTIME = YES;
				ENABLE_PREVIEWS = YES;
				INFOPLIST_FILE = macOS/Info.plist;
				LD_RUNPATH_SEARCH_PATHS = (
					"$(inherited)",
					"@executable_path/../Frameworks",
				);
				MACOSX_DEPLOYMENT_TARGET = 11.0;
				PRODUCT_BUNDLE_IDENTIFIER = hunter2e.Haiku;
				PRODUCT_NAME = Haiku;
				SDKROOT = macosx;
				SWIFT_VERSION = 5.0;
			};
			name = Release;
		};
		7D46B58F2935D381009724FD /* Debug */ = {
			isa = XCBuildConfiguration;
			buildSettings = {
				ALWAYS_EMBED_SWIFT_STANDARD_LIBRARIES = YES;
				CODE_SIGN_STYLE = Automatic;
				DEVELOPMENT_TEAM = 5T7NC52NKJ;
				INFOPLIST_FILE = "Tests iOS/Info.plist";
				IPHONEOS_DEPLOYMENT_TARGET = 14.5;
				LD_RUNPATH_SEARCH_PATHS = (
					"$(inherited)",
					"@executable_path/Frameworks",
					"@loader_path/Frameworks",
				);
				PRODUCT_BUNDLE_IDENTIFIER = "hunter2e.Tests-iOS";
				PRODUCT_NAME = "$(TARGET_NAME)";
				SDKROOT = iphoneos;
				SWIFT_VERSION = 5.0;
				TARGETED_DEVICE_FAMILY = "1,2";
				TEST_TARGET_NAME = "Haiku (iOS)";
			};
			name = Debug;
		};
		7D46B5902935D381009724FD /* Release */ = {
			isa = XCBuildConfiguration;
			buildSettings = {
				ALWAYS_EMBED_SWIFT_STANDARD_LIBRARIES = YES;
				CODE_SIGN_STYLE = Automatic;
				DEVELOPMENT_TEAM = 5T7NC52NKJ;
				INFOPLIST_FILE = "Tests iOS/Info.plist";
				IPHONEOS_DEPLOYMENT_TARGET = 14.5;
				LD_RUNPATH_SEARCH_PATHS = (
					"$(inherited)",
					"@executable_path/Frameworks",
					"@loader_path/Frameworks",
				);
				PRODUCT_BUNDLE_IDENTIFIER = "hunter2e.Tests-iOS";
				PRODUCT_NAME = "$(TARGET_NAME)";
				SDKROOT = iphoneos;
				SWIFT_VERSION = 5.0;
				TARGETED_DEVICE_FAMILY = "1,2";
				TEST_TARGET_NAME = "Haiku (iOS)";
				VALIDATE_PRODUCT = YES;
			};
			name = Release;
		};
		7D46B5922935D381009724FD /* Debug */ = {
			isa = XCBuildConfiguration;
			buildSettings = {
				ALWAYS_EMBED_SWIFT_STANDARD_LIBRARIES = YES;
				CODE_SIGN_STYLE = Automatic;
				COMBINE_HIDPI_IMAGES = YES;
				DEVELOPMENT_TEAM = 5T7NC52NKJ;
				INFOPLIST_FILE = "Tests macOS/Info.plist";
				LD_RUNPATH_SEARCH_PATHS = (
					"$(inherited)",
					"@executable_path/../Frameworks",
					"@loader_path/../Frameworks",
				);
				MACOSX_DEPLOYMENT_TARGET = 11.0;
				PRODUCT_BUNDLE_IDENTIFIER = "hunter2e.Tests-macOS";
				PRODUCT_NAME = "$(TARGET_NAME)";
				SDKROOT = macosx;
				SWIFT_VERSION = 5.0;
				TEST_TARGET_NAME = "Haiku (macOS)";
			};
			name = Debug;
		};
		7D46B5932935D381009724FD /* Release */ = {
			isa = XCBuildConfiguration;
			buildSettings = {
				ALWAYS_EMBED_SWIFT_STANDARD_LIBRARIES = YES;
				CODE_SIGN_STYLE = Automatic;
				COMBINE_HIDPI_IMAGES = YES;
				DEVELOPMENT_TEAM = 5T7NC52NKJ;
				INFOPLIST_FILE = "Tests macOS/Info.plist";
				LD_RUNPATH_SEARCH_PATHS = (
					"$(inherited)",
					"@executable_path/../Frameworks",
					"@loader_path/../Frameworks",
				);
				MACOSX_DEPLOYMENT_TARGET = 11.0;
				PRODUCT_BUNDLE_IDENTIFIER = "hunter2e.Tests-macOS";
				PRODUCT_NAME = "$(TARGET_NAME)";
				SDKROOT = macosx;
				SWIFT_VERSION = 5.0;
				TEST_TARGET_NAME = "Haiku (macOS)";
			};
			name = Release;
		};
/* End XCBuildConfiguration section */

/* Begin XCConfigurationList section */
		7D46B5552935D37A009724FD /* Build configuration list for PBXProject "Haiku" */ = {
			isa = XCConfigurationList;
			buildConfigurations = (
				7D46B5862935D381009724FD /* Debug */,
				7D46B5872935D381009724FD /* Release */,
			);
			defaultConfigurationIsVisible = 0;
			defaultConfigurationName = Release;
		};
		7D46B5882935D381009724FD /* Build configuration list for PBXNativeTarget "Haiku (iOS)" */ = {
			isa = XCConfigurationList;
			buildConfigurations = (
				7D46B5892935D381009724FD /* Debug */,
				7D46B58A2935D381009724FD /* Release */,
			);
			defaultConfigurationIsVisible = 0;
			defaultConfigurationName = Release;
		};
		7D46B58B2935D381009724FD /* Build configuration list for PBXNativeTarget "Haiku (macOS)" */ = {
			isa = XCConfigurationList;
			buildConfigurations = (
				7D46B58C2935D381009724FD /* Debug */,
				7D46B58D2935D381009724FD /* Release */,
			);
			defaultConfigurationIsVisible = 0;
			defaultConfigurationName = Release;
		};
		7D46B58E2935D381009724FD /* Build configuration list for PBXNativeTarget "Tests iOS" */ = {
			isa = XCConfigurationList;
			buildConfigurations = (
				7D46B58F2935D381009724FD /* Debug */,
				7D46B5902935D381009724FD /* Release */,
			);
			defaultConfigurationIsVisible = 0;
			defaultConfigurationName = Release;
		};
		7D46B5912935D381009724FD /* Build configuration list for PBXNativeTarget "Tests macOS" */ = {
			isa = XCConfigurationList;
			buildConfigurations = (
				7D46B5922935D381009724FD /* Debug */,
				7D46B5932935D381009724FD /* Release */,
			);
			defaultConfigurationIsVisible = 0;
			defaultConfigurationName = Release;
		};
/* End XCConfigurationList section */
	};
	rootObject = 7D46B5522935D37A009724FD /* Project object */;
}
